
Microsoft Visual Studio Solution File, Format Version 12.00
# Visual Studio Version 17
VisualStudioVersion = 17.13.35818.85 d17.13
MinimumVisualStudioVersion = 10.0.40219.1
Project("{FAE04EC0-301F-11D3-BF4B-00C04F79EFBC}") = "TimeTracker.Api", "TimeTracker.Api.csproj", "{5A8192A9-8EFE-76E2-5822-D334B5C45D55}"
EndProject
Global
	GlobalSection(SolutionConfigurationPlatforms) = preSolution
		Debug|Any CPU = Debug|Any CPU
		Release|Any CPU = Release|Any CPU
	EndGlobalSection
	GlobalSection(ProjectConfigurationPlatforms) = postSolution
		{5A8192A9-8EFE-76E2-5822-D334B5C45D55}.Debug|Any CPU.ActiveCfg = Debug|Any CPU
		{5A8192A9-8EFE-76E2-5822-D334B5C45D55}.Debug|Any CPU.Build.0 = Debug|Any CPU
		{5A8192A9-8EFE-76E2-5822-D334B5C45D55}.Release|Any CPU.ActiveCfg = Release|Any CPU
		{5A8192A9-8EFE-76E2-5822-D334B5C45D55}.Release|Any CPU.Build.0 = Release|Any CPU
	EndGlobalSection
	GlobalSection(SolutionProperties) = preSolution
		HideSolutionNode = FALSE
	EndGlobalSection
	GlobalSection(ExtensibilityGlobals) = postSolution
		SolutionGuid = {FB490C13-D40B-41F1-B822-ADE313FFD5AE}
	EndGlobalSection
EndGlobal
